filippo.io/edwards25519 v1.1.0 h1:FNf4tywRC1HmFuKW5xopWpigGjJKiJSV0Cqo0cJWDaA=
filippo.io/edwards25519 v1.1.0/go.mod h1:BxyFTGdWcka3PhytdK4V28tE5sGfRvvvRV7EaN4VDT4=
github.com/go-sql-driver/mysql v1.8.1 h1:LedoTUt/eveggdHS9qUFC1EFSa8bU2+1pZjSRpvNJ1Y=
github.com/go-sql-driver/mysql v1.8.1/go.mod h1:wEBSXgmK//2ZFJyE+qWnIsVGmvmEKlqwuVSjsCm7DZg=
github.com/google/uuid v1.6.0 h1:NIvaJDMOsjHA8n1jAhLSgzrAzy1Hgr+hNrb57e+94F0=
github.com/google/uuid v1.6.0/go.mod h1:TIyPZe4MgqvfeYDBFedMoGGpEw/LqOeaOT+nhxU+yHo=
github.com/jmoiron/sqlx v1.4.0 h1:1PLqN7S1UYp5t4SrVVnt4nUVNemrDAtxlulVe+Qgm3o=
github.com/jmoiron/sqlx v1.4.0/go.mod h1:ZrZ7UsYB/weZdl2Bxg6jCRO9c3YHl8r3ahlKmRT4JLY=
github.com/lib/pq v1.10.9 h1:YXG7RB+JIjhP29X+OtkiDnYaXQwpS4JEWq7dtCCRUEw=
github.com/lib/pq v1.10.9/go.mod h1:AlVN5x4E4T544tWzH6hKfbfQvm3HdbOxrmggDNAPY9o=
github.com/mattn/go-sqlite3 v1.14.22 h1:2gZY6PC6kBnID23Tichd1K+Z0oS6nE/XwU+Vz/5o4kU=
github.com/mattn/go-sqlite3 v1.14.22/go.mod h1:Uh1q+B4BYcTPb+yiD3kU8Ct7aC0hY9fxUwlHK0RXw+Y=
github.com/zoobzio/capitan v0.0.10 h1:f8ppl7/4iguiAgJGx0A3jdbu3pQbglWILE1l9LBeo8E=
github.com/zoobzio/capitan v0.0.10/go.mod h1:/OwNDIB1CHxwSzsF4e48B2+2e/IMIvTb0ZMgVeNyYig=
github.com/zoobzio/clockz v0.0.2 h1:72E53zhvh8EyxDPEy41CZOYSpSlmt8S+QNdFMVPA1xQ=
github.com/zoobzio/clockz v0.0.2/go.mod h1:noq8vP/zaqBtSlAQ8Yp9im3afEhFZxYLmxZX53ZilLc=
github.com/zoobzio/herald v0.0.1 h1:EEEagl18HXTh7qPUN9nJvT+56S2JN/so7Cktxw9K1Fg=
github.com/zoobzio/herald v0.0.1/go.mod h1:Zy4PzzVt34EwT51nICSs9g6SwmVcxD/HTbqJ9P1pI7U=
github.com/zoobzio/pipz v0.0.19 h1:9ZWDgrIG9CE9BYlNIZXpUzcya5P2Nm1My6VJXhKX2vU=
github.com/zoobzio/pipz v0.0.19/go.mod h1:Al3a+hx9RoP+DkvKpRQZ7gDZyN/2vfxsXh3gMjBnQXk=
