filippo.io/edwards25519 v1.1.0 h1:FNf4tywRC1HmFuKW5xopWpigGjJKiJSV0Cqo0cJWDaA=
filippo.io/edwards25519 v1.1.0/go.mod h1:BxyFTGdWcka3PhytdK4V28tE5sGfRvvvRV7EaN4VDT4=
github.com/go-sql-driver/mysql v1.8.1 h1:LedoTUt/eveggdHS9qUFC1EFSa8bU2+1pZjSRpvNJ1Y=
github.com/go-sql-driver/mysql v1.8.1/go.mod h1:wEBSXgmK//2ZFJyE+qWnIsVGmvmEKlqwuVSjsCm7DZg=
github.com/google/uuid v1.6.0 h1:NIvaJDMOsjHA8n1jAhLSgzrAzy1Hgr+hNrb57e+94F0=
github.com/google/uuid v1.6.0/go.mod h1:TIyPZe4MgqvfeYDBFedMoGGpEw/LqOeaOT+nhxU+yHo=
github.com/jmoiron/sqlx v1.4.0 h1:1PLqN7S1UYp5t4SrVVnt4nUVNemrDAtxlulVe+Qgm3o=
github.com/jmoiron/sqlx v1.4.0/go.mod h1:ZrZ7UsYB/weZdl2Bxg6jCRO9c3YHl8r3ahlKmRT4JLY=
github.com/lib/pq v1.10.9 h1:YXG7RB+JIjhP29X+OtkiDnYaXQwpS4JEWq7dtCCRUEw=
github.com/lib/pq v1.10.9/go.mod h1:AlVN5x4E4T544tWzH6hKfbfQvm3HdbOxrmggDNAPY9o=
github.com/mattn/go-sqlite3 v1.14.22 h1:2gZY6PC6kBnID23Tichd1K+Z0oS6nE/XwU+Vz/5o4kU=
github.com/mattn/go-sqlite3 v1.14.22/go.mod h1:Uh1q+B4BYcTPb+yiD3kU8Ct7aC0hY9fxUwlHK0RXw+Y=
github.com/zoobz-io/capitan v1.0.2 h1:/NKAgntWeRIN4S0oaZJNk6qaYuDN/Gw68+81kLbkLrc=
github.com/zoobz-io/capitan v1.0.2/go.mod h1:tFqS6q99gRvgYBzvFIfJMDV1ukWU61H6ZB4HyZmiWuI=
github.com/zoobz-io/clockz v1.0.2 h1:7ejfwTlaeNaVlLWW0pl1ZHfsaq3Iwg5vCphrvJMDNXI=
github.com/zoobz-io/clockz v1.0.2/go.mod h1:kkUNGMtZ5r349253S1uOuLR/6YkC+qt8C8UIypFhn8o=
github.com/zoobz-io/herald v1.0.2 h1:hYzxyZDTG8MazmBRSsIgQR865Y0llh4qErfFOpTCOxk=
github.com/zoobz-io/herald v1.0.2/go.mod h1:Rr0ssfReeqtY0nleXf9varZcz8C0vH10IGRx9iL8mSg=
github.com/zoobz-io/pipz v1.0.5 h1:PEY7KhIV+PFPseRcFVbo2gHoCFjKcDPz040/46jzcmM=
github.com/zoobz-io/pipz v1.0.5/go.mod h1:Fqif5Ciw0GViOA1FbR2BBnSeOF0fWB9MCQ//ViGuGhs=
